{"SurveyEntry":{"SurveyID":"SV_didLwvrWDI8uEw6","SurveyName":"demo survey","SurveyDescription":null,"SurveyOwnerID":"UR_3maoxNRv1rAdi1n","SurveyBrandID":"uarizona","DivisionID":"DV_dakO5pYThJADIu9","SurveyLanguage":"ES","SurveyActiveResponseSet":"RS_6ictm1FPqt7A7mm","SurveyStatus":"Active","SurveyStartDate":"0000-00-00 00:00:00","SurveyExpirationDate":"0000-00-00 00:00:00","SurveyCreationDate":"2022-11-01 17:20:08","CreatorID":"UR_3maoxNRv1rAdi1n","LastModified":"2022-11-14 16:31:44","LastAccessed":"0000-00-00 00:00:00","LastActivated":"2022-11-14 16:30:23","Deleted":null},"SurveyElements":[{"SurveyID":"SV_didLwvrWDI8uEw6","Element":"BL","PrimaryAttribute":"Survey Blocks","SecondaryAttribute":null,"TertiaryAttribute":null,"Payload":{"1":{"Type":"Trash","Description":"Trash \/ Unused Questions","ID":"BL_e4BpcsYsmJx5wj3","BlockElements":[{"Type":"Question","QuestionID":"QID101"},{"Type":"Question","QuestionID":"QID102"}],"Options":{"BlockLocking":"false","RandomizeQuestions":"false","BlockVisibility":"Expanded"}},"5":{"Type":"Standard","SubType":"","Description":"B3.actors","ID":"BL_8HqVjon2jVyVIlT","BlockElements":[{"Type":"Question","QuestionID":"QID103"},{"Type":"Page Break"},{"Type":"Question","QuestionID":"QID8"},{"Type":"Page Break"}],"Options":{"BlockLocking":"false","RandomizeQuestions":"false","BlockVisibility":"Expanded"}},"27":{"Type":"Standard","SubType":"","Description":"B6.viol","ID":"BL_a4f5j93OebqvXuK","BlockElements":[{"Type":"Question","QuestionID":"QID27"},{"Type":"Page Break"},{"Type":"Question","QuestionID":"QID25"},{"Type":"Page Break"},{"Type":"Question","QuestionID":"QID51"},{"Type":"Page Break"},{"Type":"Question","QuestionID":"QID76"}],"Options":{"BlockLocking":"false","RandomizeQuestions":"false","Looping":"Question","LoopingOptions":{"Locator":"q:\/\/QID8\/ChoiceGroup\/SelectedChoices","QID":"QID8","ChoiceGroupLocator":"q:\/\/QID8\/ChoiceGroup\/SelectedChoices","Static":{"1":{"2":""},"21":{"2":""},"22":{"2":""},"23":{"2":""},"24":{"2":""},"25":{"2":""},"26":{"2":""},"87":{"2":""},"99":{"2":""},"100":{"2":""},"101":{"2":""},"102":{"2":""},"103":{"2":""},"104":{"2":""},"105":{"2":""},"106":{"2":""},"107":{"2":""},"108":{"2":""},"109":{"2":""},"110":{"2":""},"111":{"2":""},"112":{"2":""},"113":{"2":""},"114":{"2":""},"115":{"2":""},"116":{"2":""},"117":{"2":""},"118":{"2":""},"119":{"2":""},"120":{"2":""},"121":{"2":""},"122":{"2":""},"123":{"2":""},"124":{"2":""},"125":{"2":""},"126":{"2":""}},"Randomization":"None"}}}}},{"SurveyID":"SV_didLwvrWDI8uEw6","Element":"FL","PrimaryAttribute":"Survey Flow","SecondaryAttribute":null,"TertiaryAttribute":null,"Payload":{"Type":"Root","FlowID":"FL_1","Flow":[{"Type":"Standard","ID":"BL_8HqVjon2jVyVIlT","FlowID":"FL_8","Autofill":[]},{"Type":"Standard","ID":"BL_a4f5j93OebqvXuK","FlowID":"FL_44","Autofill":[]}],"Properties":{"Count":54,"RemovedFieldsets":[]}}},{"SurveyID":"SV_didLwvrWDI8uEw6","Element":"PL","PrimaryAttribute":"Preview Link","SecondaryAttribute":null,"TertiaryAttribute":null,"Payload":{"PreviewType":"Brand","PreviewID":"f40296f2-6ff4-4e41-8670-dc02475ced4e"}},{"SurveyID":"SV_didLwvrWDI8uEw6","Element":"RS","PrimaryAttribute":"RS_6ictm1FPqt7A7mm","SecondaryAttribute":null,"TertiaryAttribute":null,"Payload":null},{"SurveyID":"SV_didLwvrWDI8uEw6","Element":"SO","PrimaryAttribute":"Survey Options","SecondaryAttribute":null,"TertiaryAttribute":null,"Payload":{"BackButton":"true","SaveAndContinue":"true","SurveyProtection":"PublicSurvey","BallotBoxStuffingPrevention":"false","NoIndex":"Yes","SecureResponseFiles":"true","SurveyExpiration":null,"SurveyTermination":"DefaultMessage","Header":"","Footer":"","ProgressBarDisplay":"NoText","PartialData":"+1 week","ValidationMessage":null,"PreviousButton":" \u2190 ","NextButton":" \u2192 ","SurveyTitle":"Online Survey Software | Qualtrics Survey Solutions","SkinLibrary":"uarizona","SkinType":"templated","Skin":{"brandingId":null,"templateId":"*2014","overrides":{"font":{"family":"arial, helvetica, sans-serif"},"progressBar":{"position":"bottom"}}},"NewScoring":1,"CustomStyles":{"customCSS":"@media (max-width:480px) {\n    .LabelDescriptions {\n        font-size: 9px;\n    }\n}\n\n\n@media only screen and (max-width:480px) {\n\t\n\t\/*Both these commented one - comes up with horizontal scrollbar in mobile only.*\/\n\/*.Skin .horizontalbar table.sliderGrid tr td.value input, .Skin .horizontalbar tr.Stars td.value input { display: none;}*\/\n\/*.Skin .horizontalbar table.sliderGrid tr td.value input, .Skin .horizontalbar tr.Stars td.value {display:none;}*\/\n\t\n\t.value{display:none;}\n\n}\n\n@media only screen and (min-width:480px){\n\n.Skin .SS .horizontalbar .SSTrack,.Skin .horizontalbar .Slider .track{height:8px;opacity:.5;filter:alpha(opacity=50);top:10px;border-radius:30px;background-color:#D3D3D3; border-color:black;}\n\n.Skin .SS .SSTrack:hover,.Skin .horizontalbar .Slider .BarContainer:hover .track,.Skin .horizontalbar .Slider .activated .track:hover{opacity:1;filter:alpha(opacity=100);background-color:black; border-color:black;height:15px;}\n\n.Skin .SB input,.Skin .SS .horizontalbar .handle,.Skin .SS .verticalbar .SSTrack .handle,.Skin .horizontalbar .BarContainer:hover .bar,.Skin .horizontalbar .Slider .handle,.Skin .horizontalbar .activated .bar{background:black;}\n\n.Skin .SS .horizontalbar .handle:hover,.Skin .horizontalbar .Slider .handle:hover{background:black;}\n\n.Skin .SS .horizontalbar .handle, .Skin .SS .verticalbar .SSTrack .handle, .Skin .horizontalbar .Slider .handle{ border: 18px solid #007ac0!important; top: -15px;}\n\n.Skin .horizontalbar .Slider .track div {height:15px; width:30px;}\n\n.Skin .horizontalbar .Slider .track div:hover {height:30px; width:45px;}\n\t\n.Skin .horizontalbar table.sliderGrid tr td.value input, .Skin .horizontalbar tr.Stars td.value input {text-align:center;}\n\t\n}\n"},"EOSMessage":"","ShowExportTags":"false","CollectGeoLocation":"false","SurveyMetaDescription":"The most powerful, simple and trusted way to gather experience data. Start your journey to experience management and try a free account today.","PasswordProtection":"No","AnonymizeResponse":"No","Password":"","RefererCheck":"No","RefererURL":"http:\/\/","UseCustomSurveyLinkCompletedMessage":null,"SurveyLinkCompletedMessage":"","SurveyLinkCompletedMessageLibrary":"","ResponseSummary":"No","EOSMessageLibrary":"","EOSRedirectURL":"https:\/\/","EmailThankYou":"false","ThankYouEmailMessageLibrary":null,"ThankYouEmailMessage":null,"ValidateMessage":"false","ValidationMessageLibrary":null,"InactiveSurvey":"DefaultMessage","PartialDataCloseAfter":"LastActivity","ActiveResponseSet":null,"InactiveMessageLibrary":"","InactiveMessage":"","AvailableLanguages":{"ES":[]},"ProtectSelectionIds":true,"RecaptchaV3":"false","ConfirmStart":false,"AutoConfirmStart":false,"PartialDeletion":null,"footerMid":"","headerMid":"","SurveyName":"demo survey"}},{"SurveyID":"SV_didLwvrWDI8uEw6","Element":"SCO","PrimaryAttribute":"Scoring","SecondaryAttribute":null,"TertiaryAttribute":null,"Payload":{"ScoringCategories":[],"ScoringCategoryGroups":[],"ScoringSummaryCategory":null,"ScoringSummaryAfterQuestions":0,"ScoringSummaryAfterSurvey":0,"DefaultScoringCategory":null,"AutoScoringCategory":null}},{"SurveyID":"SV_didLwvrWDI8uEw6","Element":"PROJ","PrimaryAttribute":"CORE","SecondaryAttribute":null,"TertiaryAttribute":"1.1.0","Payload":{"ProjectCategory":"CORE","SchemaVersion":"1.1.0"}},{"SurveyID":"SV_didLwvrWDI8uEw6","Element":"STAT","PrimaryAttribute":"Survey Statistics","SecondaryAttribute":null,"TertiaryAttribute":null,"Payload":{"MobileCompatible":true,"ID":"Survey Statistics"}},{"SurveyID":"SV_didLwvrWDI8uEw6","Element":"QC","PrimaryAttribute":"Survey Question Count","SecondaryAttribute":"103","TertiaryAttribute":null,"Payload":null},{"SurveyID":"SV_didLwvrWDI8uEw6","Element":"SQ","PrimaryAttribute":"QID101","SecondaryAttribute":"Click to write the question text","TertiaryAttribute":null,"Payload":{"QuestionText":"Click to write the question text","DefaultChoices":false,"DataExportTag":"Q37","QuestionType":"TE","Selector":"SL","Configuration":{"QuestionDescriptionOption":"UseText"},"QuestionDescription":"Click to write the question text","Validation":{"Settings":{"ForceResponse":"OFF","Type":"None"}},"GradingData":[],"Language":[],"NextChoiceId":4,"NextAnswerId":1,"SearchSource":{"AllowFreeResponse":"false"},"QuestionID":"QID101"}},{"SurveyID":"SV_didLwvrWDI8uEw6","Element":"SQ","PrimaryAttribute":"QID102","SecondaryAttribute":"Click to write the question text","TertiaryAttribute":null,"Payload":{"QuestionText":"Click to write the question text","DefaultChoices":false,"DataExportTag":"Q38","QuestionType":"DB","Selector":"TB","Configuration":{"QuestionDescriptionOption":"UseText"},"QuestionDescription":"Click to write the question text","ChoiceOrder":[],"Validation":{"Settings":{"Type":"None"}},"GradingData":[],"Language":[],"NextChoiceId":4,"NextAnswerId":1,"QuestionID":"QID102"}},{"SurveyID":"SV_didLwvrWDI8uEw6","Element":"SQ","PrimaryAttribute":"QID103","SecondaryAttribute":"Please click on the arrow to start the survey related to the municipality of:","TertiaryAttribute":null,"Payload":{"QuestionText":"Please click on the arrow to start the survey related to the municipality of:","DefaultChoices":{"1":{"Selected":true}},"DataExportTag":"Q8","QuestionType":"MC","Selector":"SAVR","SubSelector":"TX","Configuration":{"QuestionDescriptionOption":"UseText"},"QuestionDescription":"Please click on the arrow to start the survey related to the municipality of:","Choices":{"1":{"Display":"Tecate en Baja California"}},"ChoiceOrder":["1"],"Validation":{"Settings":{"ForceResponse":"ON","ForceResponseType":"ON","Type":"None"}},"GradingData":[],"Language":[],"NextChoiceId":4,"NextAnswerId":1,"QuestionID":"QID103"}},{"SurveyID":"SV_didLwvrWDI8uEw6","Element":"SQ","PrimaryAttribute":"QID76","SecondaryAttribute":"Please indicate the degree of cooperation between\u00a0${lm:\/\/Field\/1}\u00a0and the local government in the.","TertiaryAttribute":null,"Payload":{"QuestionText":"<div>Please indicate the degree of cooperation between&nbsp;<strong>${lm:\/\/Field\/1}<\/strong><strong>&nbsp;<\/strong>and the<strong> local government <\/strong>in the municipality of <b>${q:\/\/QID103\/ChoiceDescription\/1}<\/b><strong>.<\/strong><\/div><div><br><\/div>\n\n<div>&nbsp;<\/div>","DefaultChoices":false,"DataExportTag":"CC.2","QuestionType":"Slider","Selector":"HSLIDER","DataVisibility":{"Private":false,"Hidden":false},"Configuration":{"QuestionDescriptionOption":"UseText","CSSliderMin":-2,"CSSliderMax":2,"GridLines":4,"SnapToGrid":false,"NumDecimals":"0","ShowValue":true,"CustomStart":true,"NotApplicable":false,"MobileFirst":false,"SliderStartPositions":{"x44":0.500920810313075559605522357742302119731903076171875,"x45":0.500920810313075559605522357742302119731903076171875,"x46":0.500920810313075559605522357742302119731903076171875,"x47":0.50276243093922656779426461071125231683254241943359375,"x48":0.500920810313075559605522357742302119731903076171875,"x49":0.500920810313075559605522357742302119731903076171875,"x50":0.500920810313075559605522357742302119731903076171875,"x51":0.500920810313075559605522357742302119731903076171875,"x52":0.500920810313075559605522357742302119731903076171875,"x53":0.497237569060773487716886620546574704349040985107421875,"x54":0.500920810313075559605522357742302119731903076171875,"x55":0.500920810313075559605522357742302119731903076171875,"x56":0.500920810313075559605522357742302119731903076171875,"x57":0.500920810313075559605522357742302119731903076171875,"x58":0.50137741046831951763351753470487892627716064453125,"x59":0.500920810313075559605522357742302119731903076171875,"x60":0.500920810313075559605522357742302119731903076171875,"x61":0.500920810313075559605522357742302119731903076171875,"x62":0.499079189686924495905628873515524901449680328369140625,"x63":0.500920810313075559605522357742302119731903076171875,"x64":0.500920810313075559605522357742302119731903076171875,"x70":0.50413223140495866392285506663029082119464874267578125}},"QuestionDescription":"Please indicate the degree of cooperation between\u00a0${lm:\/\/Field\/1}\u00a0and the local government in the...","Choices":[],"ChoiceOrder":[],"Validation":{"Settings":{"ForceResponse":"OFF","ForceResponseType":"ON","Type":"None"}},"GradingData":[],"Language":[],"NextChoiceId":96,"NextAnswerId":45,"Labels":{"1":{"Display":"<span style=\"font-size:13px;\">Direct<br \/>\nconflict<\/span>"},"2":{"Display":"<span style=\"font-size:13px;\">Some<br \/>\nConflict<\/span>"},"3":{"Display":"<span style=\"font-size:13px;\">Neutral<\/span>"},"42":{"Display":"<span style=\"font-size:13px;\">Some<br \/>\nCooperation<br \/>\n<\/span>"},"43":{"Display":"<span style=\"font-size:13px;\">Direct<br \/>\nCooperation<br \/>\n<\/span>"}},"QuestionID":"QID76","DynamicChoices":{"DynamicType":"ChoiceGroup","Locator":"q:\/\/QID27\/ChoiceGroup\/ChoicesWithValuesGreaterThan?v=0","Type":"Dynamic","Description":"Choices Responses - Greater than"},"DynamicChoicesData":[],"QuestionJS":"Qualtrics.SurveyEngine.addOnload(function()\n{\n\t\/*Place your JavaScript here to run when the page loads*\/\n\n});\n\nQualtrics.SurveyEngine.addOnReady(function()\n{\n\t\/*Place your JavaScript here to run when the page is fully displayed*\/\n\t\n\t      jQuery(\".statement\").css(\"padding-bottom\",\"0px\");\n          jQuery(\".QuestionText , .QuestionBody , .slider-container\").css(\"padding\",\"0px\");\n         jQuery(\"td.BarOuter\").css(\"padding-bottom\", \"0px\");\n\t    \/\/jQuery(\".LabelDescriptions\").css(\"font-size\",\"20px\");\n\t\n\tjQuery('#Plug').attr('style', 'display:none !important');\n\t\n\n\n});\n\nQualtrics.SurveyEngine.addOnUnload(function()\n{\n\t\/*Place your JavaScript here to run when the page is unloaded*\/\n\n});"}},{"SurveyID":"SV_didLwvrWDI8uEw6","Element":"SQ","PrimaryAttribute":"QID8","SecondaryAttribute":"Selecci\u00f3n de Actores Armados \u00a0 Please indicate the actors active in the municipality of\u00a0...","TertiaryAttribute":null,"Payload":{"QuestionText":"<p style=\"text-align: center;\"><strong>Selecci\u00f3n de Actores Armados<\/strong><\/p>\n\n<p>&nbsp;<\/p>\n\n<p>Please indicate the actors active in the municipality of&nbsp;<b>${q:\/\/QID103\/ChoiceDescription\/1}<\/b>&nbsp;between 2000 and 2005.&nbsp;<\/p>\n\n<p><span lang=\"ES-MX\" style=\"font-size:8.5pt;font-family:&quot;Helvetica&quot;,sans-serif;\nmso-fareast-font-family:&quot;Times New Roman&quot;;color:#7F8C8D;mso-ansi-language:ES-MX\">(Puede seleccionar m\u00e1s&nbsp;de una opci\u00f3n)<\/span><\/p>","DataExportTag":"ACT.2","QuestionType":"MC","Selector":"MAVR","SubSelector":"TX","Configuration":{"QuestionDescriptionOption":"UseText"},"QuestionDescription":"Selecci\u00f3n de Actores Armados \u00a0 Please indicate the actors active in the municipality of\u00a0...","Choices":{"1":{"Display":"Actor 1"},"21":{"Display":"Actor 2"},"22":{"Display":"Actor 3"},"23":{"Display":"Actor 4"},"24":{"Display":"Actor 5"}},"ChoiceOrder":["1","21","22","23","24"],"Validation":{"Settings":{"ForceResponse":"ON","ForceResponseType":"ON","Type":"None"}},"Language":[],"NextChoiceId":127,"NextAnswerId":1,"QuestionID":"QID8","DataVisibility":{"Private":false,"Hidden":false},"RecodeValues":{"1":"1","21":"2","22":"3","23":"4","24":"5"},"QuestionJS":"Qualtrics.SurveyEngine.addOnload(function()\n{\n\t\/*Place your JavaScript here to run when the page loads*\/\n\n});\n\nQualtrics.SurveyEngine.addOnReady(function()\n{\n\t\tjQuery('#Plug').attr('style', 'display:none !important');\n\n});\n\nQualtrics.SurveyEngine.addOnUnload(function()\n{\n\t\/*Place your JavaScript here to run when the page is unloaded*\/\n\n});"}},{"SurveyID":"SV_didLwvrWDI8uEw6","Element":"SQ","PrimaryAttribute":"QID27","SecondaryAttribute":"Territorial control \u00a0 Please indicate the degree of territorial control that ${lm:\/\/Field\/1} had...","TertiaryAttribute":null,"Payload":{"QuestionText":"<div style=\"text-align: center;\"><b>Territorial control<\/b><\/div><div style=\"text-align: center;\">&nbsp;<\/div>\n\n<div>Please indicate the degree of territorial control that<strong> ${lm:\/\/Field\/1} <\/strong>had in the municipality of&nbsp;<strong>${q:\/\/QID103\/ChoiceDescription\/1}.<\/strong><br>&nbsp;<\/div>","DefaultChoices":false,"DataExportTag":"M1.TC.2","QuestionID":"QID27","QuestionType":"Slider","Selector":"HSLIDER","DataVisibility":{"Private":false,"Hidden":false},"Configuration":{"QuestionDescriptionOption":"UseText","TextPosition":"inline","CSSliderMin":0,"CSSliderMax":5,"GridLines":4,"NumDecimals":"0","ShowValue":true,"SliderStartPositions":{"1":0,"4":0,"5":0,"37":0,"38":0,"39":0,"40":0,"41":0,"42":0,"43":0,"44":0,"45":0,"46":0,"47":0,"48":0,"49":0,"50":0,"51":0,"52":0,"53":0,"54":0,"55":0,"56":0,"57":0,"58":0,"59":0,"60":0,"61":0,"62":0,"63":0,"64":0},"StarCount":5,"StarType":"discrete","SnapToGrid":false,"CustomStart":true,"NotApplicable":false,"MobileFirst":false},"QuestionDescription":"Territorial control \u00a0 Please indicate the degree of territorial control that ${lm:\/\/Field\/1} had...","Choices":{"44":{"Display":"2000"},"45":{"Display":"2001"},"46":{"Display":"2002"},"47":{"Display":"2003"},"48":{"Display":"2004"},"49":{"Display":"2005"}},"ChoiceOrder":["44","45","46","47","48","49"],"Validation":{"Settings":{"ForceResponse":"OFF","ForceResponseType":"ON","Type":"None"}},"GradingData":[],"Language":[],"NextChoiceId":71,"NextAnswerId":56,"Labels":{"51":{"Display":"Ausente"},"52":{"Display":"Espor\u00e1dico"},"53":{"Display":"Consolidado"},"54":{"Display":"Dominante"},"55":{"Display":"Monop\u00f3lico"}},"QuestionJS":"Qualtrics.SurveyEngine.addOnload(function()\n{\n\t\/*Place your JavaScript here to run when the page loads*\/\n\n});\n\nQualtrics.SurveyEngine.addOnReady(function()\n{\n\t\/*Place your JavaScript here to run when the page is fully displayed*\/\n\t\n\t      jQuery(\".statement\").css(\"padding-bottom\",\"0px\");\n          jQuery(\".QuestionText , .QuestionBody , .slider-container\").css(\"padding\",\"0px\");\n         jQuery(\"td.BarOuter\").css(\"padding-bottom\", \"0px\");\n\t    \/\/jQuery(\".LabelDescriptions\").css(\"font-size\",\"20px\");\n\t\n\t\tjQuery('#Plug').attr('style', 'display:none !important');\n\n\n});\n\nQualtrics.SurveyEngine.addOnUnload(function()\n{\n\t\/*Place your JavaScript here to run when the page is unloaded*\/\n\n});"}},{"SurveyID":"SV_didLwvrWDI8uEw6","Element":"SQ","PrimaryAttribute":"QID51","SecondaryAttribute":"Which of the following violent actions did ${lm:\/\/Field\/1} engage in the municipality of ...","TertiaryAttribute":null,"Payload":{"QuestionText":"<div><span style=\"font-family: Calibri, sans-serif; font-size: 11pt;\"><\/span><\/div>Which of the following <b>violent actions<\/b> did <b>${lm:\/\/Field\/1}<\/b> engage in the municipality of <b>${q:\/\/QID103\/ChoiceDescription\/1}<\/b>? <div><span style=\"color:#7f8c8d;\"><span style=\"font-size:11px;\"><\/span><\/span><\/div>","DefaultChoices":false,"DataExportTag":"VIOL.2","QuestionType":"Matrix","Selector":"Likert","SubSelector":"MultipleAnswer","DataVisibility":{"Private":false,"Hidden":false},"Configuration":{"QuestionDescriptionOption":"UseText","TextPosition":"inline","ChoiceColumnWidth":25,"ChoiceColumnWidthPixels":56,"WhiteSpace":"OFF","MobileFirst":false,"RepeatHeaders":"none"},"QuestionDescription":"Which of the following violent actions did ${lm:\/\/Field\/1} engage in the municipality of ...","Choices":[],"DynamicChoices":{"DynamicType":"ChoiceGroup","Locator":"q:\/\/QID27\/ChoiceGroup\/ChoicesWithValuesGreaterThan?v=0","Type":"Dynamic","Description":"Choices Responses - Greater than"},"DynamicChoicesData":[],"ChoiceOrder":[],"Validation":{"Settings":{"ForceResponse":"OFF","ForceResponseType":"ON","Type":"None"}},"GradingData":[],"Language":[],"NextChoiceId":52,"NextAnswerId":14,"Answers":{"1":{"Display":"<span style=\"font-size:13px;\">Killings<\/span>"},"12":{"Display":"<span style=\"font-size:13px;\">Massacres<\/span>"},"13":{"Display":"<span style=\"font-size:13px;\">Forced<br \/>\nDisplaement<\/span>"}},"AnswerOrder":["1","12","13"],"ChoiceDataExportTags":false,"QuestionID":"QID51","QuestionJS":"Qualtrics.SurveyEngine.addOnload(function()\n{\n\t\/*Place your JavaScript here to run when the page loads*\/\n\n});\n\nQualtrics.SurveyEngine.addOnReady(function()\n{\n\tjQuery('#Plug').attr('style', 'display:none !important');\n\n});\n\nQualtrics.SurveyEngine.addOnUnload(function()\n{\n\t\/*Place your JavaScript here to run when the page is unloaded*\/\n\n});"}},{"SurveyID":"SV_didLwvrWDI8uEw6","Element":"SQ","PrimaryAttribute":"QID25","SecondaryAttribute":"Which of the following violent actions\u00a0did\u00a0${lm:\/\/Field\/1} engage in the municipality of\u00a0...","TertiaryAttribute":null,"Payload":{"QuestionText":"<div><font face=\"Calibri, sans-serif\"><span style=\"font-size: 14.6667px;\">Which of the following<strong> violent actions<\/strong><\/span><\/font><strong>&nbsp;<\/strong>did&nbsp;<span style=\"font-weight: bolder;\">${lm:\/\/Field\/1} <\/span>engage in the municipality of&nbsp;<span style=\"font-weight: bolder;\">${q:\/\/QID103\/ChoiceDescription\/1}<\/span>?&nbsp;<\/div>\n\n<div>&nbsp;<\/div>","DefaultChoices":false,"DataExportTag":"VIOL.1","QuestionType":"Matrix","Selector":"Likert","SubSelector":"MultipleAnswer","DataVisibility":{"Private":false,"Hidden":false},"Configuration":{"QuestionDescriptionOption":"UseText","TextPosition":"inline","ChoiceColumnWidth":25,"WhiteSpace":"OFF","MobileFirst":false,"ChoiceColumnWidthPixels":56,"RepeatHeaders":"none"},"QuestionDescription":"Which of the following violent actions\u00a0did\u00a0${lm:\/\/Field\/1} engage in the municipality of\u00a0...","Choices":[],"DynamicChoicesData":[],"ChoiceOrder":[],"Validation":{"Settings":{"ForceResponse":"OFF","ForceResponseType":"ON","Type":"None"}},"GradingData":[],"Language":[],"NextChoiceId":52,"NextAnswerId":11,"Answers":{"1":{"Display":"<span style=\"font-size:13px;\">Threats<\/span>"},"2":{"Display":"<span style=\"font-size:13px;\">Sexual<br \/>\nViolence<\/span>"},"3":{"Display":"<span style=\"font-size:13px;\">Torture<\/span>"}},"AnswerOrder":["1","2","3"],"ChoiceDataExportTags":false,"QuestionID":"QID25","QuestionJS":"Qualtrics.SurveyEngine.addOnload(function()\n{\n\t\/*Place your JavaScript here to run when the page loads*\/\n\n});\n\nQualtrics.SurveyEngine.addOnReady(function()\n{\n\tjQuery('#Plug').attr('style', 'display:none !important');\n\n});\n\nQualtrics.SurveyEngine.addOnUnload(function()\n{\n\t\/*Place your JavaScript here to run when the page is unloaded*\/\n\n});","DynamicChoices":{"DynamicType":"ChoiceGroup","Locator":"q:\/\/QID27\/ChoiceGroup\/ChoicesWithValuesGreaterThan?v=0","Type":"Dynamic"}}},{"SurveyID":"SV_didLwvrWDI8uEw6","Element":"OCAC","PrimaryAttribute":"OCAC_vxbbkLUAhdw9AJB","SecondaryAttribute":"OC_3YqHfKLQp2JClGV","TertiaryAttribute":"WebService","Payload":{"actionId":"OCAC_vxbbkLUAhdw9AJB","contentType":"JSON","contextId":"SV_didLwvrWDI8uEw6","credentials":[],"currentPipedTextTestMappings":{"${e:\/\/Field\/QURL}":"","${e:\/\/Field\/RecipientID}":"","${e:\/\/Field\/ResponseID}":"","${e:\/\/Field\/sessionID}":""},"customSaveHandler":true,"dependencies":[],"elementConfigured":true,"exportMappings":[],"exports":[{"display_name":"Headers","key":"headers"},{"display_name":"Status Code","key":"statusCode"},{"display_name":"Data","key":"data"}],"headers":{"Content-Type":"application\/json"},"icon":"https:\/\/www.xm-apps-static.com\/assets-stage\/v1\/APP_42a7f4b6-bb84-4c66-94cc-e3e1208e62bf\/1.0.1\/HkFThd8rahViMbKQ\/images\/logo-small.png","id":"PLUG_7b318b05-433e-4e0c-bef8-520ebe5a0c9a","keyValues":{"QURL":"${e:\/\/Field\/QURL}","recipientID":"${e:\/\/Field\/RecipientID}","responseID":"${e:\/\/Field\/ResponseID}","sessionID":"${e:\/\/Field\/sessionID}"},"name":"No auth","outcomeId":"OC_3YqHfKLQp2JClGV","ownerObject":{"orgId":"uarizona","userId":"UR_3maoxNRv1rAdi1n"},"pipedTextConfig":[],"pipedTextImports":{"body":["${e:\/\/Field\/ResponseID}","${e:\/\/Field\/sessionID}","${e:\/\/Field\/QURL}","${e:\/\/Field\/RecipientID}"],"headers":[],"url":[]},"replacementAppId":"APP_42a7f4b6-bb84-4c66-94cc-e3e1208e62bf","requestType":"POST","summary":"POST https:\/\/armedgov.arizona.edu\/armedgov\/complete","taskNumber":1,"taskRegistryId":"APP_42a7f4b6-bb84-4c66-94cc-e3e1208e62bf","textPayload":"","triggerAction":"WebService","url":"https:\/\/armedgov.arizona.edu\/armedgov\/complete","version":"2"}},{"SurveyID":"SV_didLwvrWDI8uEw6","Element":"TR","PrimaryAttribute":"OC_3YqHfKLQp2JClGV","SecondaryAttribute":null,"TertiaryAttribute":"OnSurveyResponse","Payload":{"Name":"Web Action Push","EventType":"OnSurveyResponse","Type":"OnSurveyComplete","LogicV2":{"type":"always","children":[]},"EventData":{"fields":[]},"eventContext":{"operations":["CREATE"]},"branches":[],"loops":[],"elementConfigured":true,"disabled":false,"TriggerAction":"Outcome","logicCompleted":true,"unconfigured":false}}]}